
Microsoft Visual Studio Solution File, Format Version 12.00
# Visual Studio Version 17
VisualStudioVersion = 17.4.33110.190
MinimumVisualStudioVersion = 10.0.40219.1
Project("{FAE04EC0-301F-11D3-BF4B-00C04F79EFBC}") = "KevinZonda.WebDemo", "KevinZonda.WebDemo\KevinZonda.WebDemo.csproj", "{36662D00-965D-4605-9384-1C9ED18C054F}"
EndProject
Global
	GlobalSection(SolutionConfigurationPlatforms) = preSolution
		Debug|Any CPU = Debug|Any CPU
		Release|Any CPU = Release|Any CPU
	EndGlobalSection
	GlobalSection(ProjectConfigurationPlatforms) = postSolution
		{36662D00-965D-4605-9384-1C9ED18C054F}.Debug|Any CPU.ActiveCfg = Debug|Any CPU
		{36662D00-965D-4605-9384-1C9ED18C054F}.Debug|Any CPU.Build.0 = Debug|Any CPU
		{36662D00-965D-4605-9384-1C9ED18C054F}.Release|Any CPU.ActiveCfg = Release|Any CPU
		{36662D00-965D-4605-9384-1C9ED18C054F}.Release|Any CPU.Build.0 = Release|Any CPU
	EndGlobalSection
	GlobalSection(SolutionProperties) = preSolution
		HideSolutionNode = FALSE
	EndGlobalSection
	GlobalSection(ExtensibilityGlobals) = postSolution
		SolutionGuid = {CC14865D-6B36-481A-AA56-122FAE366D3C}
	EndGlobalSection
EndGlobal
